
Microsoft Visual Studio Solution File, Format Version 12.00
# Visual Studio Version 16
VisualStudioVersion = 16.0.31205.134
MinimumVisualStudioVersion = 10.0.40219.1
Project("{FAE04EC0-301F-11D3-BF4B-00C04F79EFBC}") = "Calc", "Calc\Calc.csproj", "{9409BC6B-558E-4DCA-A189-12CC3124BDC1}"
EndProject
Global
	GlobalSection(SolutionConfigurationPlatforms) = preSolution
		Debug|Any CPU = Debug|Any CPU
		Release|Any CPU = Release|Any CPU
	EndGlobalSection
	GlobalSection(ProjectConfigurationPlatforms) = postSolution
		{9409BC6B-558E-4DCA-A189-12CC3124BDC1}.Debug|Any CPU.ActiveCfg = Debug|Any CPU
		{9409BC6B-558E-4DCA-A189-12CC3124BDC1}.Debug|Any CPU.Build.0 = Debug|Any CPU
		{9409BC6B-558E-4DCA-A189-12CC3124BDC1}.Release|Any CPU.ActiveCfg = Release|Any CPU
		{9409BC6B-558E-4DCA-A189-12CC3124BDC1}.Release|Any CPU.Build.0 = Release|Any CPU
	EndGlobalSection
	GlobalSection(SolutionProperties) = preSolution
		HideSolutionNode = FALSE
	EndGlobalSection
	GlobalSection(ExtensibilityGlobals) = postSolution
		SolutionGuid = {39B27C46-1BAB-4851-9DCA-827825991068}
	EndGlobalSection
EndGlobal
